<?xml version="1.0" encoding="utf-8"?>
<Project ToolsVersion="4.0" xmlns="http://schemas.microsoft.com/developer/msbuild/2003">
  <ItemGroup>
    <ClCompile Include="..\..\src\actiondb.cpp" />
    <ClCompile Include="..\..\src\addrdb.cpp" />
    <ClCompile Include="..\..\src\addrman.cpp" />
    <ClCompile Include="..\..\src\banman.cpp" />
    <ClCompile Include="..\..\src\blockcache.cpp" />
    <ClCompile Include="..\..\src\bloom.cpp" />
    <ClCompile Include="..\..\src\blockencodings.cpp" />
    <ClCompile Include="..\..\src\blockfilter.cpp" />
    <ClCompile Include="..\..\src\chain.cpp" />
    <ClCompile Include="..\..\src\checkpoints.cpp" />
    <ClCompile Include="..\..\src\consensus\tx_verify.cpp" />
    <ClCompile Include="..\..\src\httprpc.cpp" />
    <ClCompile Include="..\..\src\httpserver.cpp" />
    <ClCompile Include="..\..\src\index\base.cpp" />
    <ClCompile Include="..\..\src\index\txindex.cpp" />
    <ClCompile Include="..\..\src\interfaces\chain.cpp" />
    <ClCompile Include="..\..\src\interfaces\handler.cpp" />
    <ClCompile Include="..\..\src\interfaces\node.cpp" />
    <ClCompile Include="..\..\src\init.cpp" />
    <ClCompile Include="..\..\src\dbwrapper.cpp" />
    <ClCompile Include="..\..\src\merkleblock.cpp" />
    <ClCompile Include="..\..\src\miner.cpp" />
    <ClCompile Include="..\..\src\net.cpp" />
    <ClCompile Include="..\..\src\net_processing.cpp" />
    <ClCompile Include="..\..\src\node\transaction.cpp" />
    <ClCompile Include="..\..\src\noui.cpp" />
    <ClCompile Include="..\..\src\outputtype.cpp" />
    <ClCompile Include="..\..\src\policy\fees.cpp" />
    <ClCompile Include="..\..\src\policy\policy.cpp" />
    <ClCompile Include="..\..\src\policy\rbf.cpp" />
    <ClCompile Include="..\..\src\pow.cpp" />
    <ClCompile Include="..\..\src\rest.cpp" />
    <ClCompile Include="..\..\src\rpc\blockchain.cpp" />
    <ClCompile Include="..\..\src\rpc\mining.cpp" />
    <ClCompile Include="..\..\src\rpc\misc.cpp" />
    <ClCompile Include="..\..\src\rpc\net.cpp" />
    <ClCompile Include="..\..\src\rpc\rawtransaction.cpp" />
    <ClCompile Include="..\..\src\rpc\server.cpp" />
    <ClCompile Include="..\..\src\rpc\util.cpp" />
    <ClCompile Include="..\..\src\rpc\poc.cpp" />
    <ClCompile Include="..\..\src\script\sigcache.cpp" />
    <ClCompile Include="..\..\src\shutdown.cpp" />
    <ClCompile Include="..\..\src\timedata.cpp" />
    <ClCompile Include="..\..\src\torcontrol.cpp" />
    <ClCompile Include="..\..\src\txdb.cpp" />
    <ClCompile Include="..\..\src\txmempool.cpp" />
    <ClCompile Include="..\..\src\ui_interface.cpp" />
    <ClCompile Include="..\..\src\validation.cpp" />
    <ClCompile Include="..\..\src\validationinterface.cpp" />
    <ClCompile Include="..\..\src\versionbits.cpp" />
    <ClCompile Include="..\..\src\assember.cpp" />
  </ItemGroup>
  <ItemGroup>
    <ClInclude Include="..\..\srcpcegister.h" />
  </ItemGroup>
  <ItemGroup>
    <None Include="packages.config" />
  </ItemGroup>
</Project>